
Microsoft Visual Studio Solution File, Format Version 12.00
# Visual Studio Version 16
VisualStudioVersion = 16.0.31321.278
MinimumVisualStudioVersion = 10.0.40219.1
Project("{FAE04EC0-301F-11D3-BF4B-00C04F79EFBC}") = "FunctionApp3", "FunctionApp3\FunctionApp3.csproj", "{EDCE9472-42FF-4773-8BCE-9C5C1F5C7220}"
EndProject
Global
	GlobalSection(SolutionConfigurationPlatforms) = preSolution
		Debug|Any CPU = Debug|Any CPU
		Release|Any CPU = Release|Any CPU
	EndGlobalSection
	GlobalSection(ProjectConfigurationPlatforms) = postSolution
		{EDCE9472-42FF-4773-8BCE-9C5C1F5C7220}.Debug|Any CPU.ActiveCfg = Debug|Any CPU
		{EDCE9472-42FF-4773-8BCE-9C5C1F5C7220}.Debug|Any CPU.Build.0 = Debug|Any CPU
		{EDCE9472-42FF-4773-8BCE-9C5C1F5C7220}.Release|Any CPU.ActiveCfg = Release|Any CPU
		{EDCE9472-42FF-4773-8BCE-9C5C1F5C7220}.Release|Any CPU.Build.0 = Release|Any CPU
	EndGlobalSection
	GlobalSection(SolutionProperties) = preSolution
		HideSolutionNode = FALSE
	EndGlobalSection
	GlobalSection(ExtensibilityGlobals) = postSolution
		SolutionGuid = {D0F693F9-4E3F-44E0-B27E-9B7393200B07}
	EndGlobalSection
EndGlobal
